
Microsoft Visual Studio Solution File, Format Version 12.00
# Visual Studio 15
VisualStudioVersion = 15.0.27428.2037
MinimumVisualStudioVersion = 10.0.40219.1
Project("{FAE04EC0-301F-11D3-BF4B-00C04F79EFBC}") = "6-Delegate{MltiCasting}", "6-Delegate{MltiCasting}\6-Delegate{MltiCasting}.csproj", "{429FFD55-6E25-446A-9FC6-236218C62DF6}"
EndProject
Global
	GlobalSection(SolutionConfigurationPlatforms) = preSolution
		Debug|Any CPU = Debug|Any CPU
		Release|Any CPU = Release|Any CPU
	EndGlobalSection
	GlobalSection(ProjectConfigurationPlatforms) = postSolution
		{429FFD55-6E25-446A-9FC6-236218C62DF6}.Debug|Any CPU.ActiveCfg = Debug|Any CPU
		{429FFD55-6E25-446A-9FC6-236218C62DF6}.Debug|Any CPU.Build.0 = Debug|Any CPU
		{429FFD55-6E25-446A-9FC6-236218C62DF6}.Release|Any CPU.ActiveCfg = Release|Any CPU
		{429FFD55-6E25-446A-9FC6-236218C62DF6}.Release|Any CPU.Build.0 = Release|Any CPU
	EndGlobalSection
	GlobalSection(SolutionProperties) = preSolution
		HideSolutionNode = FALSE
	EndGlobalSection
	GlobalSection(ExtensibilityGlobals) = postSolution
		SolutionGuid = {43D8D1CD-F721-479D-A765-32286A698228}
	EndGlobalSection
EndGlobal
