
Microsoft Visual Studio Solution File, Format Version 12.00
# Visual Studio 15
VisualStudioVersion = 15.0.27428.2037
MinimumVisualStudioVersion = 10.0.40219.1
Project("{FAE04EC0-301F-11D3-BF4B-00C04F79EFBC}") = "8-Action", "8-Action\8-Action.csproj", "{2D9231BD-4EF3-479A-9CDA-70AABA8D9CB7}"
EndProject
Global
	GlobalSection(SolutionConfigurationPlatforms) = preSolution
		Debug|Any CPU = Debug|Any CPU
		Release|Any CPU = Release|Any CPU
	EndGlobalSection
	GlobalSection(ProjectConfigurationPlatforms) = postSolution
		{2D9231BD-4EF3-479A-9CDA-70AABA8D9CB7}.Debug|Any CPU.ActiveCfg = Debug|Any CPU
		{2D9231BD-4EF3-479A-9CDA-70AABA8D9CB7}.Debug|Any CPU.Build.0 = Debug|Any CPU
		{2D9231BD-4EF3-479A-9CDA-70AABA8D9CB7}.Release|Any CPU.ActiveCfg = Release|Any CPU
		{2D9231BD-4EF3-479A-9CDA-70AABA8D9CB7}.Release|Any CPU.Build.0 = Release|Any CPU
	EndGlobalSection
	GlobalSection(SolutionProperties) = preSolution
		HideSolutionNode = FALSE
	EndGlobalSection
	GlobalSection(ExtensibilityGlobals) = postSolution
		SolutionGuid = {8095A165-7D24-4A09-8D18-EE664CF8A9D8}
	EndGlobalSection
EndGlobal
