
Microsoft Visual Studio Solution File, Format Version 12.00
# Visual Studio 15
VisualStudioVersion = 15.0.27428.2037
MinimumVisualStudioVersion = 10.0.40219.1
Project("{FAE04EC0-301F-11D3-BF4B-00C04F79EFBC}") = "10-ExtensionMethod", "10-ExtensionMethod\10-ExtensionMethod.csproj", "{BBA01376-DD35-4976-9E7A-EEEB9124AFAF}"
EndProject
Global
	GlobalSection(SolutionConfigurationPlatforms) = preSolution
		Debug|Any CPU = Debug|Any CPU
		Release|Any CPU = Release|Any CPU
	EndGlobalSection
	GlobalSection(ProjectConfigurationPlatforms) = postSolution
		{BBA01376-DD35-4976-9E7A-EEEB9124AFAF}.Debug|Any CPU.ActiveCfg = Debug|Any CPU
		{BBA01376-DD35-4976-9E7A-EEEB9124AFAF}.Debug|Any CPU.Build.0 = Debug|Any CPU
		{BBA01376-DD35-4976-9E7A-EEEB9124AFAF}.Release|Any CPU.ActiveCfg = Release|Any CPU
		{BBA01376-DD35-4976-9E7A-EEEB9124AFAF}.Release|Any CPU.Build.0 = Release|Any CPU
	EndGlobalSection
	GlobalSection(SolutionProperties) = preSolution
		HideSolutionNode = FALSE
	EndGlobalSection
	GlobalSection(ExtensibilityGlobals) = postSolution
		SolutionGuid = {A4D39DB5-F74C-4378-B64A-9862FFD5FAE3}
	EndGlobalSection
EndGlobal
