
Microsoft Visual Studio Solution File, Format Version 12.00
# Visual Studio 15
VisualStudioVersion = 15.0.27428.2037
MinimumVisualStudioVersion = 10.0.40219.1
Project("{FAE04EC0-301F-11D3-BF4B-00C04F79EFBC}") = "TimeZonesOnTheFly", "TimeZonesOnTheFly\TimeZonesOnTheFly.csproj", "{FF770B1B-ED7D-4925-8729-93CAEF5B9B1C}"
EndProject
Global
	GlobalSection(SolutionConfigurationPlatforms) = preSolution
		Debug|Any CPU = Debug|Any CPU
		Release|Any CPU = Release|Any CPU
	EndGlobalSection
	GlobalSection(ProjectConfigurationPlatforms) = postSolution
		{FF770B1B-ED7D-4925-8729-93CAEF5B9B1C}.Debug|Any CPU.ActiveCfg = Debug|Any CPU
		{FF770B1B-ED7D-4925-8729-93CAEF5B9B1C}.Debug|Any CPU.Build.0 = Debug|Any CPU
		{FF770B1B-ED7D-4925-8729-93CAEF5B9B1C}.Release|Any CPU.ActiveCfg = Release|Any CPU
		{FF770B1B-ED7D-4925-8729-93CAEF5B9B1C}.Release|Any CPU.Build.0 = Release|Any CPU
	EndGlobalSection
	GlobalSection(SolutionProperties) = preSolution
		HideSolutionNode = FALSE
	EndGlobalSection
	GlobalSection(ExtensibilityGlobals) = postSolution
		SolutionGuid = {89544BA3-3A0C-42C7-9460-1729BAB7AA6B}
	EndGlobalSection
EndGlobal
